// !$*UTF8*$!
{
	archiveVersion = 1;
	classes = {
	};
	objectVersion = 48;
	objects = {

/* Begin PBXBuildFile section */
		59EDDD2920339C9300696485 /* AppDelegate.swift in Sources */ = {isa = PBXBuildFile; fileRef = 59EDDD2820339C9300696485 /* AppDelegate.swift */; };
		59EDDD2B20339C9300696485 /* ViewController.swift in Sources */ = {isa = PBXBuildFile; fileRef = 59EDDD2A20339C9300696485 /* ViewController.swift */; };
		59EDDD2E20339C9300696485 /* Main.storyboard in Resources */ = {isa = PBXBuildFile; fileRef = 59EDDD2C20339C9300696485 /* Main.storyboard */; };
		59EDDD3020339C9300696485 /* Assets.xcassets in Resources */ = {isa = PBXBuildFile; fileRef = 59EDDD2F20339C9300696485 /* Assets.xcassets */; };
		59EDDD3320339C9300696485 /* LaunchScreen.storyboard in Resources */ = {isa = PBXBuildFile; fileRef = 59EDDD3120339C9300696485 /* LaunchScreen.storyboard */; };
		59EDDD3B20339E2B00696485 /* TrueOrientation.swift in Sources */ = {isa = PBXBuildFile; fileRef = 59EDDD3A20339E2B00696485 /* TrueOrientation.swift */; };
/* End PBXBuildFile section */

/* Begin PBXFileReference section */
		59EDDD2520339C9300696485 /* TrueOrientation.app */ = {isa = PBXFileReference; explicitFileType = wrapper.application; includeInIndex = 0; path = TrueOrientation.app; sourceTree = BUILT_PRODUCTS_DIR; };
		59EDDD2820339C9300696485 /* AppDelegate.swift */ = {isa = PBXFileReference; lastKnownFileType = sourcecode.swift; path = AppDelegate.swift; sourceTree = "<group>"; };
		59EDDD2A20339C9300696485 /* ViewController.swift */ = {isa = PBXFileReference; lastKnownFileType = sourcecode.swift; path = ViewController.swift; sourceTree = "<group>"; };
		59EDDD2D20339C9300696485 /* Base */ = {isa = PBXFileReference; lastKnownFileType = file.storyboard; name = Base; path = Base.lproj/Main.storyboard; sourceTree = "<group>"; };
		59EDDD2F20339C9300696485 /* Assets.xcassets */ = {isa = PBXFileReference; lastKnownFileType = folder.assetcatalog; path = Assets.xcassets; sourceTree = "<group>"; };
		59EDDD3220339C9300696485 /* Base */ = {isa = PBXFileReference; lastKnownFileType = file.storyboard; name = Base; path = Base.lproj/LaunchScreen.storyboard; sourceTree = "<group>"; };
		59EDDD3420339C9300696485 /* Info.plist */ = {isa = PBXFileReference; lastKnownFileType = text.plist.xml; path = Info.plist; sourceTree = "<group>"; };
		59EDDD3A20339E2B00696485 /* TrueOrientation.swift */ = {isa = PBXFileReference; lastKnownFileType = sourcecode.swift; path = TrueOrientation.swift; sourceTree = "<group>"; };
/* End PBXFileReference section */

/* Begin PBXFrameworksBuildPhase section */
		59EDDD2220339C9300696485 /* Frameworks */ = {
			isa = PBXFrameworksBuildPhase;
			buildActionMask = 2147483647;
			files = (
			);
			runOnlyForDeploymentPostprocessing = 0;
		};
/* End PBXFrameworksBuildPhase section */

/* Begin PBXGroup section */
		59EDDD1C20339C9300696485 = {
			isa = PBXGroup;
			children = (
				59EDDD2720339C9300696485 /* TrueOrientation */,
				59EDDD2620339C9300696485 /* Products */,
			);
			sourceTree = "<group>";
		};
		59EDDD2620339C9300696485 /* Products */ = {
			isa = PBXGroup;
			children = (
				59EDDD2520339C9300696485 /* TrueOrientation.app */,
			);
			name = Products;
			sourceTree = "<group>";
		};
		59EDDD2720339C9300696485 /* TrueOrientation */ = {
			isa = PBXGroup;
			children = (
				59EDDD2820339C9300696485 /* AppDelegate.swift */,
				59EDDD2A20339C9300696485 /* ViewController.swift */,
				59EDDD3A20339E2B00696485 /* TrueOrientation.swift */,
				59EDDD2C20339C9300696485 /* Main.storyboard */,
				59EDDD2F20339C9300696485 /* Assets.xcassets */,
				59EDDD3120339C9300696485 /* LaunchScreen.storyboard */,
				59EDDD3420339C9300696485 /* Info.plist */,
			);
			path = TrueOrientation;
			sourceTree = "<group>";
		};
/* End PBXGroup section */

/* Begin PBXNativeTarget section */
		59EDDD2420339C9300696485 /* TrueOrientation */ = {
			isa = PBXNativeTarget;
			buildConfigurationList = 59EDDD3720339C9300696485 /* Build configuration list for PBXNativeTarget "TrueOrientation" */;
			buildPhases = (
				59EDDD2120339C9300696485 /* Sources */,
				59EDDD2220339C9300696485 /* Frameworks */,
				59EDDD2320339C9300696485 /* Resources */,
			);
			buildRules = (
			);
			dependencies = (
			);
			name = TrueOrientation;
			productName = TrueOrientation;
			productReference = 59EDDD2520339C9300696485 /* TrueOrientation.app */;
			productType = "com.apple.product-type.application";
		};
/* End PBXNativeTarget section */

/* Begin PBXProject section */
		59EDDD1D20339C9300696485 /* Project object */ = {
			isa = PBXProject;
			attributes = {
				LastSwiftUpdateCheck = 0920;
				LastUpgradeCheck = 0920;
				ORGANIZATIONNAME = "Mauricio Lorenzetti";
				TargetAttributes = {
					59EDDD2420339C9300696485 = {
						CreatedOnToolsVersion = 9.2;
						ProvisioningStyle = Automatic;
					};
				};
			};
			buildConfigurationList = 59EDDD2020339C9300696485 /* Build configuration list for PBXProject "TrueOrientation" */;
			compatibilityVersion = "Xcode 8.0";
			developmentRegion = en;
			hasScannedForEncodings = 0;
			knownRegions = (
				en,
				Base,
			);
			mainGroup = 59EDDD1C20339C9300696485;
			productRefGroup = 59EDDD2620339C9300696485 /* Products */;
			projectDirPath = "";
			projectRoot = "";
			targets = (
				59EDDD2420339C9300696485 /* TrueOrientation */,
			);
		};
/* End PBXProject section */

/* Begin PBXResourcesBuildPhase section */
		59EDDD2320339C9300696485 /* Resources */ = {
			isa = PBXResourcesBuildPhase;
			buildActionMask = 2147483647;
			files = (
				59EDDD3320339C9300696485 /* LaunchScreen.storyboard in Resources */,
				59EDDD3020339C9300696485 /* Assets.xcassets in Resources */,
				59EDDD2E20339C9300696485 /* Main.storyboard in Resources */,
			);
			runOnlyForDeploymentPostprocessing = 0;
		};
/* End PBXResourcesBuildPhase section */

/* Begin PBXSourcesBuildPhase section */
		59EDDD2120339C9300696485 /* Sources */ = {
			isa = PBXSourcesBuildPhase;
			buildActionMask = 2147483647;
			files = (
				59EDDD2B20339C9300696485 /* ViewController.swift in Sources */,
				59EDDD3B20339E2B00696485 /* TrueOrientation.swift in Sources */,
				59EDDD2920339C9300696485 /* AppDelegate.swift in Sources */,
			);
			runOnlyForDeploymentPostprocessing = 0;
		};
/* End PBXSourcesBuildPhase section */

/* Begin PBXVariantGroup section */
		59EDDD2C20339C9300696485 /* Main.storyboard */ = {
			isa = PBXVariantGroup;
			children = (
				59EDDD2D20339C9300696485 /* Base */,
			);
			name = Main.storyboard;
			sourceTree = "<group>";
		};
		59EDDD3120339C9300696485 /* LaunchScreen.storyboard */ = {
			isa = PBXVariantGroup;
			children = (
				59EDDD3220339C9300696485 /* Base */,
			);
			name = LaunchScreen.storyboard;
			sourceTree = "<group>";
		};
/* End PBXVariantGroup section */

/* Begin XCBuildConfiguration section */
		59EDDD3520339C9300696485 /* Debug */ = {
			isa = XCBuildConfiguration;
			buildSettings = {
				ALWAYS_SEARCH_USER_PATHS = NO;
				CLANG_ANALYZER_NONNULL = YES;
				CLANG_ANALYZER_NUMBER_OBJECT_CONVERSION = YES_AGGRESSIVE;
				CLANG_CXX_LANGUAGE_STANDARD = "gnu++14";
				CLANG_CXX_LIBRARY = "libc++";
				CLANG_ENABLE_MODULES = YES;
				CLANG_ENABLE_OBJC_ARC = YES;
				CLANG_WARN_BLOCK_CAPTURE_AUTORELEASING = YES;
				CLANG_WARN_BOOL_CONVERSION = YES;
				CLANG_WARN_COMMA = YES;
				CLANG_WARN_CONSTANT_CONVERSION = YES;
				CLANG_WARN_DIRECT_OBJC_ISA_USAGE = YES_ERROR;
				CLANG_WARN_DOCUMENTATION_COMMENTS = YES;
				CLANG_WARN_EMPTY_BODY = YES;
				CLANG_WARN_ENUM_CONVERSION = YES;
				CLANG_WARN_INFINITE_RECURSION = YES;
				CLANG_WARN_INT_CONVERSION = YES;
				CLANG_WARN_NON_LITERAL_NULL_CONVERSION = YES;
				CLANG_WARN_OBJC_LITERAL_CONVERSION = YES;
				CLANG_WARN_OBJC_ROOT_CLASS = YES_ERROR;
				CLANG_WARN_RANGE_LOOP_ANALYSIS = YES;
				CLANG_WARN_STRICT_PROTOTYPES = YES;
				CLANG_WARN_SUSPICIOUS_MOVE = YES;
				CLANG_WARN_UNGUARDED_AVAILABILITY = YES_AGGRESSIVE;
				CLANG_WARN_UNREACHABLE_CODE = YES;
				CLANG_WARN__DUPLICATE_METHOD_MATCH = YES;
				CODE_SIGN_IDENTITY = "iPhone Developer";
				COPY_PHASE_STRIP = NO;
				DEBUG_INFORMATION_FORMAT = dwarf;
				ENABLE_STRICT_OBJC_MSGSEND = YES;
				ENABLE_TESTABILITY = YES;
				GCC_C_LANGUAGE_STANDARD = gnu11;
				GCC_DYNAMIC_NO_PIC = NO;
				GCC_NO_COMMON_BLOCKS = YES;
				GCC_OPTIMIZATION_LEVEL = 0;
				GCC_PREPROCESSOR_DEFINITIONS = (
					"DEBUG=1",
					"$(inherited)",
				);
				GCC_WARN_64_TO_32_BIT_CONVERSION = YES;
				GCC_WARN_ABOUT_RETURN_TYPE = YES_ERROR;
				GCC_WARN_UNDECLARED_SELECTOR = YES;
				GCC_WARN_UNINITIALIZED_AUTOS = YES_AGGRESSIVE;
				GCC_WARN_UNUSED_FUNCTION = YES;
				GCC_WARN_UNUSED_VARIABLE = YES;
				IPHONEOS_DEPLOYMENT_TARGET = 11.2;
				MTL_ENABLE_DEBUG_INFO = YES;
				ONLY_ACTIVE_ARCH = YES;
				SDKROOT = iphoneos;
				SWIFT_ACTIVE_COMPILATION_CONDITIONS = DEBUG;
				SWIFT_OPTIMIZATION_LEVEL = "-Onone";
			};
			name = Debug;
		};
		59EDDD3620339C9300696485 /* Release */ = {
			isa = XCBuildConfiguration;
			buildSettings = {
				ALWAYS_SEARCH_USER_PATHS = NO;
				CLANG_ANALYZER_NONNULL = YES;
				CLANG_ANALYZER_NUMBER_OBJECT_CONVERSION = YES_AGGRESSIVE;
				CLANG_CXX_LANGUAGE_STANDARD = "gnu++14";
				CLANG_CXX_LIBRARY = "libc++";
				CLANG_ENABLE_MODULES = YES;
				CLANG_ENABLE_OBJC_ARC = YES;
				CLANG_WARN_BLOCK_CAPTURE_AUTORELEASING = YES;
				CLANG_WARN_BOOL_CONVERSION = YES;
				CLANG_WARN_COMMA = YES;
				CLANG_WARN_CONSTANT_CONVERSION = YES;
				CLANG_WARN_DIRECT_OBJC_ISA_USAGE = YES_ERROR;
				CLANG_WARN_DOCUMENTATION_COMMENTS = YES;
				CLANG_WARN_EMPTY_BODY = YES;
				CLANG_WARN_ENUM_CONVERSION = YES;
				CLANG_WARN_INFINITE_RECURSION = YES;
				CLANG_WARN_INT_CONVERSION = YES;
				CLANG_WARN_NON_LITERAL_NULL_CONVERSION = YES;
				CLANG_WARN_OBJC_LITERAL_CONVERSION = YES;
				CLANG_WARN_OBJC_ROOT_CLASS = YES_ERROR;
				CLANG_WARN_RANGE_LOOP_ANALYSIS = YES;
				CLANG_WARN_STRICT_PROTOTYPES = YES;
				CLANG_WARN_SUSPICIOUS_MOVE = YES;
				CLANG_WARN_UNGUARDED_AVAILABILITY = YES_AGGRESSIVE;
				CLANG_WARN_UNREACHABLE_CODE = YES;
				CLANG_WARN__DUPLICATE_METHOD_MATCH = YES;
				CODE_SIGN_IDENTITY = "iPhone Developer";
				COPY_PHASE_STRIP = NO;
				DEBUG_INFORMATION_FORMAT = "dwarf-with-dsym";
				ENABLE_NS_ASSERTIONS = NO;
				ENABLE_STRICT_OBJC_MSGSEND = YES;
				GCC_C_LANGUAGE_STANDARD = gnu11;
				GCC_NO_COMMON_BLOCKS = YES;
				GCC_WARN_64_TO_32_BIT_CONVERSION = YES;
				GCC_WARN_ABOUT_RETURN_TYPE = YES_ERROR;
				GCC_WARN_UNDECLARED_SELECTOR = YES;
				GCC_WARN_UNINITIALIZED_AUTOS = YES_AGGRESSIVE;
				GCC_WARN_UNUSED_FUNCTION = YES;
				GCC_WARN_UNUSED_VARIABLE = YES;
				IPHONEOS_DEPLOYMENT_TARGET = 11.2;
				MTL_ENABLE_DEBUG_INFO = NO;
				SDKROOT = iphoneos;
				SWIFT_OPTIMIZATION_LEVEL = "-Owholemodule";
				VALIDATE_PRODUCT = YES;
			};
			name = Release;
		};
		59EDDD3820339C9300696485 /* Debug */ = {
			isa = XCBuildConfiguration;
			buildSettings = {
				ASSETCATALOG_COMPILER_APPICON_NAME = AppIcon;
				CODE_SIGN_STYLE = Automatic;
				DEVELOPMENT_TEAM = D7J47JG8UC;
				INFOPLIST_FILE = TrueOrientation/Info.plist;
				LD_RUNPATH_SEARCH_PATHS = "$(inherited) @executable_path/Frameworks";
				PRODUCT_BUNDLE_IDENTIFIER = com.bepid.pods.TrueOrientation;
				PRODUCT_NAME = "$(TARGET_NAME)";
				SWIFT_VERSION = 4.0;
				TARGETED_DEVICE_FAMILY = "1,2";
			};
			name = Debug;
		};
		59EDDD3920339C9300696485 /* Release */ = {
			isa = XCBuildConfiguration;
			buildSettings = {
				ASSETCATALOG_COMPILER_APPICON_NAME = AppIcon;
				CODE_SIGN_STYLE = Automatic;
				DEVELOPMENT_TEAM = D7J47JG8UC;
				INFOPLIST_FILE = TrueOrientation/Info.plist;
				LD_RUNPATH_SEARCH_PATHS = "$(inherited) @executable_path/Frameworks";
				PRODUCT_BUNDLE_IDENTIFIER = com.bepid.pods.TrueOrientation;
				PRODUCT_NAME = "$(TARGET_NAME)";
				SWIFT_VERSION = 4.0;
				TARGETED_DEVICE_FAMILY = "1,2";
			};
			name = Release;
		};
/* End XCBuildConfiguration section */

/* Begin XCConfigurationList section */
		59EDDD2020339C9300696485 /* Build configuration list for PBXProject "TrueOrientation" */ = {
			isa = XCConfigurationList;
			buildConfigurations = (
				59EDDD3520339C9300696485 /* Debug */,
				59EDDD3620339C9300696485 /* Release */,
			);
			defaultConfigurationIsVisible = 0;
			defaultConfigurationName = Release;
		};
		59EDDD3720339C9300696485 /* Build configuration list for PBXNativeTarget "TrueOrientation" */ = {
			isa = XCConfigurationList;
			buildConfigurations = (
				59EDDD3820339C9300696485 /* Debug */,
				59EDDD3920339C9300696485 /* Release */,
			);
			defaultConfigurationIsVisible = 0;
			defaultConfigurationName = Release;
		};
/* End XCConfigurationList section */
	};
	rootObject = 59EDDD1D20339C9300696485 /* Project object */;
}
